
Microsoft Visual Studio Solution File, Format Version 12.00
# Visual Studio 15
VisualStudioVersion = 15.0.26403.3
MinimumVisualStudioVersion = 10.0.40219.1
Project("{FAE04EC0-301F-11D3-BF4B-00C04F79EFBC}") = "HGame.Web", "HGame.Web\HGame.Web.csproj", "{E059DD7B-C6B4-4CB1-870E-F66BD7310A4F}"
EndProject
Global
	GlobalSection(SolutionConfigurationPlatforms) = preSolution
		Debug|Any CPU = Debug|Any CPU
		Release|Any CPU = Release|Any CPU
	EndGlobalSection
	GlobalSection(ProjectConfigurationPlatforms) = postSolution
		{E059DD7B-C6B4-4CB1-870E-F66BD7310A4F}.Debug|Any CPU.ActiveCfg = Debug|Any CPU
		{E059DD7B-C6B4-4CB1-870E-F66BD7310A4F}.Debug|Any CPU.Build.0 = Debug|Any CPU
		{E059DD7B-C6B4-4CB1-870E-F66BD7310A4F}.Release|Any CPU.ActiveCfg = Release|Any CPU
		{E059DD7B-C6B4-4CB1-870E-F66BD7310A4F}.Release|Any CPU.Build.0 = Release|Any CPU
	EndGlobalSection
	GlobalSection(SolutionProperties) = preSolution
		HideSolutionNode = FALSE
	EndGlobalSection
EndGlobal
